// !$*UTF8*$!
{
	archiveVersion = 1;
	classes = {
	};
	objectVersion = 46;
	objects = {

/* Begin PBXBuildFile section */
		C993F9101AE050CA007A0241 /* GalleryView.h in Headers */ = {isa = PBXBuildFile; fileRef = C993F8FE1AE050CA007A0241 /* GalleryView.h */; };
		C993F9111AE050CA007A0241 /* GalleryView.m in Sources */ = {isa = PBXBuildFile; fileRef = C993F8FF1AE050CA007A0241 /* GalleryView.m */; };
		C993F9121AE050CA007A0241 /* ImageCell.h in Headers */ = {isa = PBXBuildFile; fileRef = C993F9001AE050CA007A0241 /* ImageCell.h */; };
		C993F9131AE050CA007A0241 /* ImageCell.m in Sources */ = {isa = PBXBuildFile; fileRef = C993F9011AE050CA007A0241 /* ImageCell.m */; };
		C993F9141AE050CA007A0241 /* InterfaceLIFT.h in Headers */ = {isa = PBXBuildFile; fileRef = C993F9021AE050CA007A0241 /* InterfaceLIFT.h */; };
		C993F9151AE050CA007A0241 /* InterfaceLIFT.m in Sources */ = {isa = PBXBuildFile; fileRef = C993F9031AE050CA007A0241 /* InterfaceLIFT.m */; };
		C993F9161AE050CA007A0241 /* OverlayView.h in Headers */ = {isa = PBXBuildFile; fileRef = C993F9041AE050CA007A0241 /* OverlayView.h */; };
		C993F9171AE050CA007A0241 /* OverlayView.m in Sources */ = {isa = PBXBuildFile; fileRef = C993F9051AE050CA007A0241 /* OverlayView.m */; };
		C993F9181AE050CA007A0241 /* Prefix.pch in Headers */ = {isa = PBXBuildFile; fileRef = C993F9061AE050CA007A0241 /* Prefix.pch */; };
		C993F9191AE050CA007A0241 /* Badge.png in Resources */ = {isa = PBXBuildFile; fileRef = C993F9081AE050CA007A0241 /* Badge.png */; };
		C993F91A1AE050CA007A0241 /* Badge@2x.png in Resources */ = {isa = PBXBuildFile; fileRef = C993F9091AE050CA007A0241 /* Badge@2x.png */; };
		C993F91B1AE050CA007A0241 /* Icon.png in Resources */ = {isa = PBXBuildFile; fileRef = C993F90A1AE050CA007A0241 /* Icon.png */; };
		C993F91C1AE050CA007A0241 /* Icon@2x.png in Resources */ = {isa = PBXBuildFile; fileRef = C993F90B1AE050CA007A0241 /* Icon@2x.png */; };
		C993F91E1AE050CA007A0241 /* InterfaceLIFT.xib in Resources */ = {isa = PBXBuildFile; fileRef = C993F90D1AE050CA007A0241 /* InterfaceLIFT.xib */; };
		C993F91F1AE050CA007A0241 /* Wallpaper.h in Headers */ = {isa = PBXBuildFile; fileRef = C993F90E1AE050CA007A0241 /* Wallpaper.h */; };
		C993F9201AE050CA007A0241 /* Wallpaper.m in Sources */ = {isa = PBXBuildFile; fileRef = C993F90F1AE050CA007A0241 /* Wallpaper.m */; };
/* End PBXBuildFile section */

/* Begin PBXFileReference section */
		C993F8FE1AE050CA007A0241 /* GalleryView.h */ = {isa = PBXFileReference; fileEncoding = 4; lastKnownFileType = sourcecode.c.h; path = GalleryView.h; sourceTree = "<group>"; };
		C993F8FF1AE050CA007A0241 /* GalleryView.m */ = {isa = PBXFileReference; fileEncoding = 4; lastKnownFileType = sourcecode.c.objc; path = GalleryView.m; sourceTree = "<group>"; };
		C993F9001AE050CA007A0241 /* ImageCell.h */ = {isa = PBXFileReference; fileEncoding = 4; lastKnownFileType = sourcecode.c.h; path = ImageCell.h; sourceTree = "<group>"; };
		C993F9011AE050CA007A0241 /* ImageCell.m */ = {isa = PBXFileReference; fileEncoding = 4; lastKnownFileType = sourcecode.c.objc; path = ImageCell.m; sourceTree = "<group>"; };
		C993F9021AE050CA007A0241 /* InterfaceLIFT.h */ = {isa = PBXFileReference; fileEncoding = 4; lastKnownFileType = sourcecode.c.h; path = InterfaceLIFT.h; sourceTree = "<group>"; };
		C993F9031AE050CA007A0241 /* InterfaceLIFT.m */ = {isa = PBXFileReference; fileEncoding = 4; lastKnownFileType = sourcecode.c.objc; path = InterfaceLIFT.m; sourceTree = "<group>"; };
		C993F9041AE050CA007A0241 /* OverlayView.h */ = {isa = PBXFileReference; fileEncoding = 4; lastKnownFileType = sourcecode.c.h; path = OverlayView.h; sourceTree = "<group>"; };
		C993F9051AE050CA007A0241 /* OverlayView.m */ = {isa = PBXFileReference; fileEncoding = 4; lastKnownFileType = sourcecode.c.objc; path = OverlayView.m; sourceTree = "<group>"; };
		C993F9061AE050CA007A0241 /* Prefix.pch */ = {isa = PBXFileReference; fileEncoding = 4; lastKnownFileType = sourcecode.c.h; path = Prefix.pch; sourceTree = "<group>"; };
		C993F9081AE050CA007A0241 /* Badge.png */ = {isa = PBXFileReference; lastKnownFileType = image.png; path = Badge.png; sourceTree = "<group>"; };
		C993F9091AE050CA007A0241 /* Badge@2x.png */ = {isa = PBXFileReference; lastKnownFileType = image.png; path = "Badge@2x.png"; sourceTree = "<group>"; };
		C993F90A1AE050CA007A0241 /* Icon.png */ = {isa = PBXFileReference; lastKnownFileType = image.png; path = Icon.png; sourceTree = "<group>"; };
		C993F90B1AE050CA007A0241 /* Icon@2x.png */ = {isa = PBXFileReference; lastKnownFileType = image.png; path = "Icon@2x.png"; sourceTree = "<group>"; };
		C993F90C1AE050CA007A0241 /* Info.plist */ = {isa = PBXFileReference; fileEncoding = 4; lastKnownFileType = text.plist.xml; path = Info.plist; sourceTree = "<group>"; };
		C993F90D1AE050CA007A0241 /* InterfaceLIFT.xib */ = {isa = PBXFileReference; fileEncoding = 4; lastKnownFileType = file.xib; path = InterfaceLIFT.xib; sourceTree = "<group>"; };
		C993F90E1AE050CA007A0241 /* Wallpaper.h */ = {isa = PBXFileReference; fileEncoding = 4; lastKnownFileType = sourcecode.c.h; path = Wallpaper.h; sourceTree = "<group>"; };
		C993F90F1AE050CA007A0241 /* Wallpaper.m */ = {isa = PBXFileReference; fileEncoding = 4; lastKnownFileType = sourcecode.c.objc; path = Wallpaper.m; sourceTree = "<group>"; };
		C9C171C71AE0506F00C8AEE7 /* InterfaceLIFT.prefPane */ = {isa = PBXFileReference; explicitFileType = wrapper.cfbundle; includeInIndex = 0; path = InterfaceLIFT.prefPane; sourceTree = BUILT_PRODUCTS_DIR; };
/* End PBXFileReference section */

/* Begin PBXFrameworksBuildPhase section */
		C9C171C31AE0506F00C8AEE7 /* Frameworks */ = {
			isa = PBXFrameworksBuildPhase;
			buildActionMask = 2147483647;
			files = (
			);
			runOnlyForDeploymentPostprocessing = 0;
		};
/* End PBXFrameworksBuildPhase section */

/* Begin PBXGroup section */
		C993F8FD1AE050CA007A0241 /* InterfaceLIFT */ = {
			isa = PBXGroup;
			children = (
				C993F8FE1AE050CA007A0241 /* GalleryView.h */,
				C993F8FF1AE050CA007A0241 /* GalleryView.m */,
				C993F9001AE050CA007A0241 /* ImageCell.h */,
				C993F9011AE050CA007A0241 /* ImageCell.m */,
				C993F9021AE050CA007A0241 /* InterfaceLIFT.h */,
				C993F9031AE050CA007A0241 /* InterfaceLIFT.m */,
				C993F9041AE050CA007A0241 /* OverlayView.h */,
				C993F9051AE050CA007A0241 /* OverlayView.m */,
				C993F9061AE050CA007A0241 /* Prefix.pch */,
				C993F9071AE050CA007A0241 /* Resources */,
				C993F90E1AE050CA007A0241 /* Wallpaper.h */,
				C993F90F1AE050CA007A0241 /* Wallpaper.m */,
			);
			path = InterfaceLIFT;
			sourceTree = "<group>";
		};
		C993F9071AE050CA007A0241 /* Resources */ = {
			isa = PBXGroup;
			children = (
				C993F9081AE050CA007A0241 /* Badge.png */,
				C993F9091AE050CA007A0241 /* Badge@2x.png */,
				C993F90A1AE050CA007A0241 /* Icon.png */,
				C993F90B1AE050CA007A0241 /* Icon@2x.png */,
				C993F90C1AE050CA007A0241 /* Info.plist */,
				C993F90D1AE050CA007A0241 /* InterfaceLIFT.xib */,
			);
			path = Resources;
			sourceTree = "<group>";
		};
		C9C171BD1AE0506F00C8AEE7 = {
			isa = PBXGroup;
			children = (
				C993F8FD1AE050CA007A0241 /* InterfaceLIFT */,
				C9C171C81AE0506F00C8AEE7 /* Products */,
			);
			sourceTree = "<group>";
		};
		C9C171C81AE0506F00C8AEE7 /* Products */ = {
			isa = PBXGroup;
			children = (
				C9C171C71AE0506F00C8AEE7 /* InterfaceLIFT.prefPane */,
			);
			name = Products;
			sourceTree = "<group>";
		};
/* End PBXGroup section */

/* Begin PBXHeadersBuildPhase section */
		C9C171C41AE0506F00C8AEE7 /* Headers */ = {
			isa = PBXHeadersBuildPhase;
			buildActionMask = 2147483647;
			files = (
				C993F9161AE050CA007A0241 /* OverlayView.h in Headers */,
				C993F91F1AE050CA007A0241 /* Wallpaper.h in Headers */,
				C993F9181AE050CA007A0241 /* Prefix.pch in Headers */,
				C993F9121AE050CA007A0241 /* ImageCell.h in Headers */,
				C993F9101AE050CA007A0241 /* GalleryView.h in Headers */,
				C993F9141AE050CA007A0241 /* InterfaceLIFT.h in Headers */,
			);
			runOnlyForDeploymentPostprocessing = 0;
		};
/* End PBXHeadersBuildPhase section */

/* Begin PBXNativeTarget section */
		C9C171C61AE0506F00C8AEE7 /* InterfaceLIFT */ = {
			isa = PBXNativeTarget;
			buildConfigurationList = C9C171D71AE0506F00C8AEE7 /* Build configuration list for PBXNativeTarget "InterfaceLIFT" */;
			buildPhases = (
				C9C171C21AE0506F00C8AEE7 /* Sources */,
				C9C171C31AE0506F00C8AEE7 /* Frameworks */,
				C9C171C41AE0506F00C8AEE7 /* Headers */,
				C9C171C51AE0506F00C8AEE7 /* Resources */,
			);
			buildRules = (
			);
			dependencies = (
			);
			name = InterfaceLIFT;
			productName = InterfaceLIFT;
			productReference = C9C171C71AE0506F00C8AEE7 /* InterfaceLIFT.prefPane */;
			productType = "com.apple.product-type.bundle";
		};
/* End PBXNativeTarget section */

/* Begin PBXProject section */
		C9C171BE1AE0506F00C8AEE7 /* Project object */ = {
			isa = PBXProject;
			attributes = {
				LastUpgradeCheck = 0630;
				ORGANIZATIONNAME = "Matt Rajca";
				TargetAttributes = {
					C9C171C61AE0506F00C8AEE7 = {
						CreatedOnToolsVersion = 6.3;
					};
				};
			};
			buildConfigurationList = C9C171C11AE0506F00C8AEE7 /* Build configuration list for PBXProject "InterfaceLIFT" */;
			compatibilityVersion = "Xcode 3.2";
			developmentRegion = English;
			hasScannedForEncodings = 0;
			knownRegions = (
				en,
				Base,
			);
			mainGroup = C9C171BD1AE0506F00C8AEE7;
			productRefGroup = C9C171C81AE0506F00C8AEE7 /* Products */;
			projectDirPath = "";
			projectRoot = "";
			targets = (
				C9C171C61AE0506F00C8AEE7 /* InterfaceLIFT */,
			);
		};
/* End PBXProject section */

/* Begin PBXResourcesBuildPhase section */
		C9C171C51AE0506F00C8AEE7 /* Resources */ = {
			isa = PBXResourcesBuildPhase;
			buildActionMask = 2147483647;
			files = (
				C993F91B1AE050CA007A0241 /* Icon.png in Resources */,
				C993F91C1AE050CA007A0241 /* Icon@2x.png in Resources */,
				C993F9191AE050CA007A0241 /* Badge.png in Resources */,
				C993F91A1AE050CA007A0241 /* Badge@2x.png in Resources */,
				C993F91E1AE050CA007A0241 /* InterfaceLIFT.xib in Resources */,
			);
			runOnlyForDeploymentPostprocessing = 0;
		};
/* End PBXResourcesBuildPhase section */

/* Begin PBXSourcesBuildPhase section */
		C9C171C21AE0506F00C8AEE7 /* Sources */ = {
			isa = PBXSourcesBuildPhase;
			buildActionMask = 2147483647;
			files = (
				C993F9201AE050CA007A0241 /* Wallpaper.m in Sources */,
				C993F9111AE050CA007A0241 /* GalleryView.m in Sources */,
				C993F9171AE050CA007A0241 /* OverlayView.m in Sources */,
				C993F9131AE050CA007A0241 /* ImageCell.m in Sources */,
				C993F9151AE050CA007A0241 /* InterfaceLIFT.m in Sources */,
			);
			runOnlyForDeploymentPostprocessing = 0;
		};
/* End PBXSourcesBuildPhase section */

/* Begin XCBuildConfiguration section */
		C9C171D51AE0506F00C8AEE7 /* Debug */ = {
			isa = XCBuildConfiguration;
			buildSettings = {
				ALWAYS_SEARCH_USER_PATHS = NO;
				CLANG_CXX_LANGUAGE_STANDARD = "gnu++0x";
				CLANG_CXX_LIBRARY = "libc++";
				CLANG_ENABLE_MODULES = YES;
				CLANG_ENABLE_OBJC_ARC = YES;
				CLANG_WARN_BOOL_CONVERSION = YES;
				CLANG_WARN_CONSTANT_CONVERSION = YES;
				CLANG_WARN_DIRECT_OBJC_ISA_USAGE = YES_ERROR;
				CLANG_WARN_EMPTY_BODY = YES;
				CLANG_WARN_ENUM_CONVERSION = YES;
				CLANG_WARN_INT_CONVERSION = YES;
				CLANG_WARN_OBJC_ROOT_CLASS = YES_ERROR;
				CLANG_WARN_UNREACHABLE_CODE = YES;
				CLANG_WARN__DUPLICATE_METHOD_MATCH = YES;
				COPY_PHASE_STRIP = NO;
				DEBUG_INFORMATION_FORMAT = dwarf;
				DEPLOYMENT_LOCATION = NO;
				ENABLE_STRICT_OBJC_MSGSEND = YES;
				GCC_C_LANGUAGE_STANDARD = gnu99;
				GCC_DYNAMIC_NO_PIC = NO;
				GCC_NO_COMMON_BLOCKS = YES;
				GCC_OPTIMIZATION_LEVEL = 0;
				GCC_PREPROCESSOR_DEFINITIONS = (
					"DEBUG=1",
					"$(inherited)",
				);
				GCC_SYMBOLS_PRIVATE_EXTERN = NO;
				GCC_WARN_64_TO_32_BIT_CONVERSION = YES;
				GCC_WARN_ABOUT_RETURN_TYPE = YES_ERROR;
				GCC_WARN_UNDECLARED_SELECTOR = YES;
				GCC_WARN_UNINITIALIZED_AUTOS = YES_AGGRESSIVE;
				GCC_WARN_UNUSED_FUNCTION = YES;
				GCC_WARN_UNUSED_VARIABLE = YES;
				MACOSX_DEPLOYMENT_TARGET = 10.10;
				MTL_ENABLE_DEBUG_INFO = YES;
				ONLY_ACTIVE_ARCH = NO;
				SDKROOT = macosx;
			};
			name = Debug;
		};
		C9C171D61AE0506F00C8AEE7 /* Release */ = {
			isa = XCBuildConfiguration;
			buildSettings = {
				ALWAYS_SEARCH_USER_PATHS = NO;
				CLANG_CXX_LANGUAGE_STANDARD = "gnu++0x";
				CLANG_CXX_LIBRARY = "libc++";
				CLANG_ENABLE_MODULES = YES;
				CLANG_ENABLE_OBJC_ARC = YES;
				CLANG_WARN_BOOL_CONVERSION = YES;
				CLANG_WARN_CONSTANT_CONVERSION = YES;
				CLANG_WARN_DIRECT_OBJC_ISA_USAGE = YES_ERROR;
				CLANG_WARN_EMPTY_BODY = YES;
				CLANG_WARN_ENUM_CONVERSION = YES;
				CLANG_WARN_INT_CONVERSION = YES;
				CLANG_WARN_OBJC_ROOT_CLASS = YES_ERROR;
				CLANG_WARN_UNREACHABLE_CODE = YES;
				CLANG_WARN__DUPLICATE_METHOD_MATCH = YES;
				COPY_PHASE_STRIP = NO;
				DEBUG_INFORMATION_FORMAT = "dwarf-with-dsym";
				DEPLOYMENT_LOCATION = NO;
				ENABLE_NS_ASSERTIONS = NO;
				ENABLE_STRICT_OBJC_MSGSEND = YES;
				GCC_C_LANGUAGE_STANDARD = gnu99;
				GCC_NO_COMMON_BLOCKS = YES;
				GCC_WARN_64_TO_32_BIT_CONVERSION = YES;
				GCC_WARN_ABOUT_RETURN_TYPE = YES_ERROR;
				GCC_WARN_UNDECLARED_SELECTOR = YES;
				GCC_WARN_UNINITIALIZED_AUTOS = YES_AGGRESSIVE;
				GCC_WARN_UNUSED_FUNCTION = YES;
				GCC_WARN_UNUSED_VARIABLE = YES;
				MACOSX_DEPLOYMENT_TARGET = 10.10;
				MTL_ENABLE_DEBUG_INFO = NO;
				SDKROOT = macosx;
			};
			name = Release;
		};
		C9C171D81AE0506F00C8AEE7 /* Debug */ = {
			isa = XCBuildConfiguration;
			buildSettings = {
				COMBINE_HIDPI_IMAGES = YES;
				GCC_PREFIX_HEADER = InterfaceLIFT/Prefix.pch;
				INFOPLIST_FILE = InterfaceLIFT/Resources/Info.plist;
				INSTALL_PATH = "$(HOME)/Library/PreferencePanes";
				PRODUCT_NAME = "$(TARGET_NAME)";
				WRAPPER_EXTENSION = prefPane;
			};
			name = Debug;
		};
		C9C171D91AE0506F00C8AEE7 /* Release */ = {
			isa = XCBuildConfiguration;
			buildSettings = {
				COMBINE_HIDPI_IMAGES = YES;
				GCC_PREFIX_HEADER = InterfaceLIFT/Prefix.pch;
				INFOPLIST_FILE = InterfaceLIFT/Resources/Info.plist;
				INSTALL_PATH = "$(HOME)/Library/PreferencePanes";
				PRODUCT_NAME = "$(TARGET_NAME)";
				WRAPPER_EXTENSION = prefPane;
			};
			name = Release;
		};
/* End XCBuildConfiguration section */

/* Begin XCConfigurationList section */
		C9C171C11AE0506F00C8AEE7 /* Build configuration list for PBXProject "InterfaceLIFT" */ = {
			isa = XCConfigurationList;
			buildConfigurations = (
				C9C171D51AE0506F00C8AEE7 /* Debug */,
				C9C171D61AE0506F00C8AEE7 /* Release */,
			);
			defaultConfigurationIsVisible = 0;
			defaultConfigurationName = Release;
		};
		C9C171D71AE0506F00C8AEE7 /* Build configuration list for PBXNativeTarget "InterfaceLIFT" */ = {
			isa = XCConfigurationList;
			buildConfigurations = (
				C9C171D81AE0506F00C8AEE7 /* Debug */,
				C9C171D91AE0506F00C8AEE7 /* Release */,
			);
			defaultConfigurationIsVisible = 0;
			defaultConfigurationName = Release;
		};
/* End XCConfigurationList section */
	};
	rootObject = C9C171BE1AE0506F00C8AEE7 /* Project object */;
}
